
Microsoft Visual Studio Solution File, Format Version 12.00
# Visual Studio 15
VisualStudioVersion = 15.0.28307.1062
MinimumVisualStudioVersion = 10.0.40219.1
Project("{FAE04EC0-301F-11D3-BF4B-00C04F79EFBC}") = "OdeToFood", "OdeToFood\OdeToFood.csproj", "{9418E33B-05FB-4804-BCFF-FA6DCB324160}"
EndProject
Project("{FAE04EC0-301F-11D3-BF4B-00C04F79EFBC}") = "OdeToFood.Core", "OdeToFood.Core\OdeToFood.Core.csproj", "{C9ABAF95-0F4D-4CFE-A485-FFCC824E8906}"
EndProject
Project("{FAE04EC0-301F-11D3-BF4B-00C04F79EFBC}") = "OdeToFood.Data", "OdeToFood.Data\OdeToFood.Data.csproj", "{C8C47053-D1E0-4B98-B8A5-9CFDD8331C3E}"
EndProject
Global
	GlobalSection(SolutionConfigurationPlatforms) = preSolution
		Debug|Any CPU = Debug|Any CPU
		Release|Any CPU = Release|Any CPU
	EndGlobalSection
	GlobalSection(ProjectConfigurationPlatforms) = postSolution
		{9418E33B-05FB-4804-BCFF-FA6DCB324160}.Debug|Any CPU.ActiveCfg = Debug|Any CPU
		{9418E33B-05FB-4804-BCFF-FA6DCB324160}.Debug|Any CPU.Build.0 = Debug|Any CPU
		{9418E33B-05FB-4804-BCFF-FA6DCB324160}.Release|Any CPU.ActiveCfg = Release|Any CPU
		{9418E33B-05FB-4804-BCFF-FA6DCB324160}.Release|Any CPU.Build.0 = Release|Any CPU
		{C9ABAF95-0F4D-4CFE-A485-FFCC824E8906}.Debug|Any CPU.ActiveCfg = Debug|Any CPU
		{C9ABAF95-0F4D-4CFE-A485-FFCC824E8906}.Debug|Any CPU.Build.0 = Debug|Any CPU
		{C9ABAF95-0F4D-4CFE-A485-FFCC824E8906}.Release|Any CPU.ActiveCfg = Release|Any CPU
		{C9ABAF95-0F4D-4CFE-A485-FFCC824E8906}.Release|Any CPU.Build.0 = Release|Any CPU
		{C8C47053-D1E0-4B98-B8A5-9CFDD8331C3E}.Debug|Any CPU.ActiveCfg = Debug|Any CPU
		{C8C47053-D1E0-4B98-B8A5-9CFDD8331C3E}.Debug|Any CPU.Build.0 = Debug|Any CPU
		{C8C47053-D1E0-4B98-B8A5-9CFDD8331C3E}.Release|Any CPU.ActiveCfg = Release|Any CPU
		{C8C47053-D1E0-4B98-B8A5-9CFDD8331C3E}.Release|Any CPU.Build.0 = Release|Any CPU
	EndGlobalSection
	GlobalSection(SolutionProperties) = preSolution
		HideSolutionNode = FALSE
	EndGlobalSection
	GlobalSection(ExtensibilityGlobals) = postSolution
		SolutionGuid = {1EF69B97-CA59-42A6-BB92-4C5936D8A874}
	EndGlobalSection
EndGlobal
